{
  "name": "prefixr",
  "version": "0.1.0",
  "lockfileVersion": 3,
  "requires": true,
  "packages": {
    "": {
      "name": "prefixr",
      "version": "0.1.0",
      "workspaces": [
        "dashboard",
        "landing"
      ]
    },
    "dashboard": {
      "name": "prefixr-dashboard",
      "version": "0.1.0"
    },
    "landing": {
      "name": "prefixr-landing",
      "version": "0.1.0"
    },
    "node_modules/prefixr-dashboard": {
      "resolved": "dashboard",
      "link": true
    },
    "node_modules/prefixr-landing": {
      "resolved": "landing",
      "link": true
    }
  }
}
